
Microsoft Visual Studio Solution File, Format Version 12.00
# Visual Studio Version 16
VisualStudioVersion = 16.0.30717.126
MinimumVisualStudioVersion = 10.0.40219.1
Project("{9A19103F-16F7-4668-BE54-9A1E7A4F7556}") = "SWE1-MCTG", "SWE1-MCTG\SWE1-MCTG.csproj", "{9AF9CA30-CDA4-493F-99A5-A54C1AB0EEC6}"
EndProject
Project("{9A19103F-16F7-4668-BE54-9A1E7A4F7556}") = "SWE1-MCTG-TEST", "SWE1-MCTG-TEST\SWE1-MCTG-TEST.csproj", "{94385521-ACDB-4210-9DC7-03E067877A94}"
EndProject
Project("{9A19103F-16F7-4668-BE54-9A1E7A4F7556}") = "RestServer", "..\..\SWE1-REST\RestServer\RestServer\RestServer.csproj", "{CFFDF98C-4616-4C0B-9C99-7F2BE836F930}"
	ProjectSection(ProjectDependencies) = postProject
		{9AF9CA30-CDA4-493F-99A5-A54C1AB0EEC6} = {9AF9CA30-CDA4-493F-99A5-A54C1AB0EEC6}
	EndProjectSection
EndProject
Global
	GlobalSection(SolutionConfigurationPlatforms) = preSolution
		Debug|Any CPU = Debug|Any CPU
		Release|Any CPU = Release|Any CPU
	EndGlobalSection
	GlobalSection(ProjectConfigurationPlatforms) = postSolution
		{9AF9CA30-CDA4-493F-99A5-A54C1AB0EEC6}.Debug|Any CPU.ActiveCfg = Debug|Any CPU
		{9AF9CA30-CDA4-493F-99A5-A54C1AB0EEC6}.Debug|Any CPU.Build.0 = Debug|Any CPU
		{9AF9CA30-CDA4-493F-99A5-A54C1AB0EEC6}.Release|Any CPU.ActiveCfg = Release|Any CPU
		{9AF9CA30-CDA4-493F-99A5-A54C1AB0EEC6}.Release|Any CPU.Build.0 = Release|Any CPU
		{94385521-ACDB-4210-9DC7-03E067877A94}.Debug|Any CPU.ActiveCfg = Debug|Any CPU
		{94385521-ACDB-4210-9DC7-03E067877A94}.Debug|Any CPU.Build.0 = Debug|Any CPU
		{94385521-ACDB-4210-9DC7-03E067877A94}.Release|Any CPU.ActiveCfg = Release|Any CPU
		{94385521-ACDB-4210-9DC7-03E067877A94}.Release|Any CPU.Build.0 = Release|Any CPU
		{CFFDF98C-4616-4C0B-9C99-7F2BE836F930}.Debug|Any CPU.ActiveCfg = Debug|Any CPU
		{CFFDF98C-4616-4C0B-9C99-7F2BE836F930}.Debug|Any CPU.Build.0 = Debug|Any CPU
		{CFFDF98C-4616-4C0B-9C99-7F2BE836F930}.Release|Any CPU.ActiveCfg = Release|Any CPU
		{CFFDF98C-4616-4C0B-9C99-7F2BE836F930}.Release|Any CPU.Build.0 = Release|Any CPU
	EndGlobalSection
	GlobalSection(SolutionProperties) = preSolution
		HideSolutionNode = FALSE
	EndGlobalSection
	GlobalSection(ExtensibilityGlobals) = postSolution
		SolutionGuid = {63670E87-20F7-4360-85DD-5F1EED235334}
	EndGlobalSection
EndGlobal
