
Microsoft Visual Studio Solution File, Format Version 12.00
# Visual Studio Version 16
VisualStudioVersion = 16.0.30717.126
MinimumVisualStudioVersion = 10.0.40219.1
Project("{FAE04EC0-301F-11D3-BF4B-00C04F79EFBC}") = "SWE1-MCTG", "SWE1-MCTG\SWE1-MCTG.csproj", "{9AF9CA30-CDA4-493F-99A5-A54C1AB0EEC6}"
EndProject
Project("{FAE04EC0-301F-11D3-BF4B-00C04F79EFBC}") = "SWE1-MCTG-TEST", "SWE1-MCTG-TEST\SWE1-MCTG-TEST.csproj", "{94385521-ACDB-4210-9DC7-03E067877A94}"
EndProject
Global
	GlobalSection(SolutionConfigurationPlatforms) = preSolution
		Debug|Any CPU = Debug|Any CPU
		Release|Any CPU = Release|Any CPU
	EndGlobalSection
	GlobalSection(ProjectConfigurationPlatforms) = postSolution
		{9AF9CA30-CDA4-493F-99A5-A54C1AB0EEC6}.Debug|Any CPU.ActiveCfg = Debug|Any CPU
		{9AF9CA30-CDA4-493F-99A5-A54C1AB0EEC6}.Debug|Any CPU.Build.0 = Debug|Any CPU
		{9AF9CA30-CDA4-493F-99A5-A54C1AB0EEC6}.Release|Any CPU.ActiveCfg = Release|Any CPU
		{9AF9CA30-CDA4-493F-99A5-A54C1AB0EEC6}.Release|Any CPU.Build.0 = Release|Any CPU
		{94385521-ACDB-4210-9DC7-03E067877A94}.Debug|Any CPU.ActiveCfg = Debug|Any CPU
		{94385521-ACDB-4210-9DC7-03E067877A94}.Debug|Any CPU.Build.0 = Debug|Any CPU
		{94385521-ACDB-4210-9DC7-03E067877A94}.Release|Any CPU.ActiveCfg = Release|Any CPU
		{94385521-ACDB-4210-9DC7-03E067877A94}.Release|Any CPU.Build.0 = Release|Any CPU
	EndGlobalSection
	GlobalSection(SolutionProperties) = preSolution
		HideSolutionNode = FALSE
	EndGlobalSection
	GlobalSection(ExtensibilityGlobals) = postSolution
		SolutionGuid = {63670E87-20F7-4360-85DD-5F1EED235334}
	EndGlobalSection
EndGlobal
